
Microsoft Visual Studio Solution File, Format Version 12.00
# Visual Studio Version 17
VisualStudioVersion = 17.3.32929.385
MinimumVisualStudioVersion = 10.0.40219.1
Project("{FAE04EC0-301F-11D3-BF4B-00C04F79EFBC}") = "Bank", "Bank\Bank.csproj", "{CFF81DDA-F2D2-46CB-9E72-E683B700D446}"
EndProject
Global
	GlobalSection(SolutionConfigurationPlatforms) = preSolution
		Debug|Any CPU = Debug|Any CPU
		Release|Any CPU = Release|Any CPU
	EndGlobalSection
	GlobalSection(ProjectConfigurationPlatforms) = postSolution
		{CFF81DDA-F2D2-46CB-9E72-E683B700D446}.Debug|Any CPU.ActiveCfg = Debug|Any CPU
		{CFF81DDA-F2D2-46CB-9E72-E683B700D446}.Debug|Any CPU.Build.0 = Debug|Any CPU
		{CFF81DDA-F2D2-46CB-9E72-E683B700D446}.Release|Any CPU.ActiveCfg = Release|Any CPU
		{CFF81DDA-F2D2-46CB-9E72-E683B700D446}.Release|Any CPU.Build.0 = Release|Any CPU
	EndGlobalSection
	GlobalSection(SolutionProperties) = preSolution
		HideSolutionNode = FALSE
	EndGlobalSection
	GlobalSection(ExtensibilityGlobals) = postSolution
		SolutionGuid = {FA402278-E252-484A-A83E-F599CE6F2A9C}
	EndGlobalSection
EndGlobal
